# This file is generated by running "yarn install" inside your project.
# Manual changes might be lost - proceed with caution!

__metadata:
  version: 4
  cacheKey: 8

"@cspotcode/source-map-consumer@npm:0.8.0":
  version: 0.8.0
  resolution: "@cspotcode/source-map-consumer@npm:0.8.0"
  checksum: c0c16ca3d2f58898f1bd74c4f41a189dbcc202e642e60e489cbcc2e52419c4e89bdead02c886a12fb13ea37798ede9e562b2321df997ebc210ae9bd881561b4e
  languageName: node
  linkType: hard

"@cspotcode/source-map-support@npm:0.6.1":
  version: 0.6.1
  resolution: "@cspotcode/source-map-support@npm:0.6.1"
  dependencies:
    "@cspotcode/source-map-consumer": 0.8.0
  checksum: da9fb4f6404ebd210537bfa8b2821a747407bf422d2d3d46f29bf85c7c3a68a126de1a9ec41398d57ca116c3bef56d58c2fb4def0800630b1ec82533ad2447c2
  languageName: node
  linkType: hard

"@fidm/asn1@npm:^1.0.4":
  version: 1.0.4
  resolution: "@fidm/asn1@npm:1.0.4"
  checksum: cc228cb7d396b2c038311da799bc32c52157772628ca1a25de25d5897420738d96dd72a5effa2241f438a99fc5cc998e1a9240b4ee746b45d474ef879352309a
  languageName: node
  linkType: hard

"@fidm/x509@npm:^1.2.1":
  version: 1.2.1
  resolution: "@fidm/x509@npm:1.2.1"
  dependencies:
    "@fidm/asn1": ^1.0.4
    tweetnacl: ^1.0.1
  checksum: e38d75111928974e886c5bf438c31165d3e177f96b5f84aa02d5d38cc6e4ab6bced6b590cb438f0ab8f7a2e14d68dea24fc57115b064dda4b0a96da659a86758
  languageName: node
  linkType: hard

"@skeldjs/client@npm:^2.12.3":
  version: 2.12.3
  resolution: "@skeldjs/client@npm:2.12.3"
  dependencies:
    "@skeldjs/constant": 2.12.3
    "@skeldjs/core": 2.12.3
    "@skeldjs/data": 2.12.3
    "@skeldjs/dtls": 2.12.3
    "@skeldjs/events": 2.12.3
    "@skeldjs/protocol": 2.12.3
    "@skeldjs/state": 2.12.3
    "@skeldjs/util": 2.12.3
  checksum: 63afee8ad30789138ab112177eb23df9112a45cc6b796032d6581e0ddd69aaf0d257ce54acad7a3e54532f4d7bae8a829c9f3013370b3f631e7df9e18bdf8dc3
  languageName: node
  linkType: hard

"@skeldjs/constant@npm:2.12.3, @skeldjs/constant@npm:^2.12.3":
  version: 2.12.3
  resolution: "@skeldjs/constant@npm:2.12.3"
  dependencies:
    "@skeldjs/util": 2.12.3
  checksum: 01c8d3d14a11069e7fbe29e42f3daf4bf6a9d3d933a6c02628aad84a613118102c28dd2846031f3753aed5495c3075be6c5ebf9b75c096e6e6c46f816f734425
  languageName: node
  linkType: hard

"@skeldjs/core@npm:2.12.3, @skeldjs/core@npm:^2.12.3":
  version: 2.12.3
  resolution: "@skeldjs/core@npm:2.12.3"
  dependencies:
    "@skeldjs/constant": 2.12.3
    "@skeldjs/data": 2.12.3
    "@skeldjs/events": 2.12.3
    "@skeldjs/protocol": 2.12.3
    "@skeldjs/util": 2.12.3
  checksum: 7777a782416641bf10cb4455131e71929c7bb31663e522c6e4980a28df448c4df6b4c9ffe5647a4a0f0f04d1bfeba39f5f4ccb153534f048da89dc92cbd74f0c
  languageName: node
  linkType: hard

"@skeldjs/data@npm:2.12.3":
  version: 2.12.3
  resolution: "@skeldjs/data@npm:2.12.3"
  dependencies:
    "@skeldjs/constant": 2.12.3
    "@skeldjs/util": 2.12.3
  checksum: 24b1db423bb60665487d566d3123ba6773ee680ea34111b82161b78b0b3fabf9a3e4b1948192bb4ccc1aa8974c2cd3d25cccc462e74143256a2b3e347225a7d3
  languageName: node
  linkType: hard

"@skeldjs/dtls@npm:2.12.3":
  version: 2.12.3
  resolution: "@skeldjs/dtls@npm:2.12.3"
  dependencies:
    "@fidm/x509": ^1.2.1
    "@skeldjs/util": 2.12.3
  dependenciesMeta:
    node-aes-gcm:
      unplugged: false
  checksum: 1db29ac4ca78e8b8bcfd5edb1fac63b552629012e399c3aa5c64beb0464af13c10d5b1fe2a57781984d665aa2f4f417a7b0d17ea02b80f3c4b04a803fa22f6cc
  languageName: node
  linkType: hard

"@skeldjs/events@npm:2.12.3, @skeldjs/events@npm:^2.12.3":
  version: 2.12.3
  resolution: "@skeldjs/events@npm:2.12.3"
  checksum: 6ea3a61e0231c26c9b59020487f9eceabf08f02659e5e29abb97b3e302111e335e5fab9d74244380eaf6b25731593b195421d329e625474ce32114bd8b468ddf
  languageName: node
  linkType: hard

"@skeldjs/protocol@npm:2.12.3, @skeldjs/protocol@npm:^2.12.3":
  version: 2.12.3
  resolution: "@skeldjs/protocol@npm:2.12.3"
  dependencies:
    "@skeldjs/constant": 2.12.3
    "@skeldjs/util": 2.12.3
  checksum: 29352ab68df9113b9d90e2a2ef64820c67ff73a3a4c4bdb8a0768c5c31a2af2d27a6eaf73a5a006c885ecfbdbb682a44550d9422caf4081f4c50866dee639ef3
  languageName: node
  linkType: hard

"@skeldjs/state@npm:2.12.3":
  version: 2.12.3
  resolution: "@skeldjs/state@npm:2.12.3"
  dependencies:
    "@skeldjs/core": 2.12.3
    "@skeldjs/protocol": 2.12.3
    "@skeldjs/util": 2.12.3
  checksum: 9b7a65f606694d24bee15215f3c0f3dddea7546342742fcc8540f36571417da9f0d77fbbcfcfc9e45622b1bd15c83e0aaae4d24755c1a60a5df23190c56d26a4
  languageName: node
  linkType: hard

"@skeldjs/text@npm:^2.12.3":
  version: 2.12.3
  resolution: "@skeldjs/text@npm:2.12.3"
  checksum: d21c9caa6944e02d258e65e6955babd3b26165a1779d07ce4869f72938b3455004d0fac98ef5a40c0c286106c37549a996218f6c284d04d762df31b893bc3840
  languageName: node
  linkType: hard

"@skeldjs/util@npm:2.12.3, @skeldjs/util@npm:^2.12.3":
  version: 2.12.3
  resolution: "@skeldjs/util@npm:2.12.3"
  checksum: 83d091d4279b051a362298c96201795e03e470192ec9472fb59cdd127bb2b184009df43e4c4e60a39e168368db5775732ceb938cfa6ebdea5956d4c2e3a4fe3e
  languageName: node
  linkType: hard

"@tsconfig/node10@npm:^1.0.7":
  version: 1.0.8
  resolution: "@tsconfig/node10@npm:1.0.8"
  checksum: b8d5fffbc6b17ef64ef74f7fdbccee02a809a063ade785c3648dae59406bc207f70ea2c4296f92749b33019fa36a5ae716e42e49cc7f1bbf0fd147be0d6b970a
  languageName: node
  linkType: hard

"@tsconfig/node12@npm:^1.0.7":
  version: 1.0.9
  resolution: "@tsconfig/node12@npm:1.0.9"
  checksum: a01b2400ab3582b86b589c6d31dcd0c0656f333adecde85d6d7d4086adb059808b82692380bb169546d189bf771ae21d02544a75b57bd6da4a5dd95f8567bec9
  languageName: node
  linkType: hard

"@tsconfig/node14@npm:^1.0.0":
  version: 1.0.1
  resolution: "@tsconfig/node14@npm:1.0.1"
  checksum: 976345e896c0f059867f94f8d0f6ddb8b1844fb62bf36b727de8a9a68f024857e5db97ed51d3325e23e0616a5e48c034ff51a8d595b3fe7e955f3587540489be
  languageName: node
  linkType: hard

"@tsconfig/node16@npm:^1.0.2":
  version: 1.0.2
  resolution: "@tsconfig/node16@npm:1.0.2"
  checksum: ca94d3639714672bbfd55f03521d3f56bb6a25479bd425da81faf21f13e1e9d15f40f97377dedbbf477a5841c5b0c8f4cd1b391f33553d750b9202c54c2c07aa
  languageName: node
  linkType: hard

"@types/node@npm:^16.6.0":
  version: 16.6.0
  resolution: "@types/node@npm:16.6.0"
  checksum: 72ab4b9fb47a64657d83336093867aba5bcf2f36facf3c18e9aeff802c078e44fa9f54025b02f2837eb0f2b19c1f551a5201fb4222766454c439de481dbf83d0
  languageName: node
  linkType: hard

"acorn-walk@npm:^8.1.1":
  version: 8.1.1
  resolution: "acorn-walk@npm:8.1.1"
  checksum: 5e4dafbcec14fbfac96e1f13726273e969a30fdf607ed4eb6ca335292f85b8c896393fee15837a8f2b27afd7ede0f1c6edb5b5e6d0123a8821fee1a834318e62
  languageName: node
  linkType: hard

"acorn@npm:^8.4.1":
  version: 8.4.1
  resolution: "acorn@npm:8.4.1"
  bin:
    acorn: bin/acorn
  checksum: 0a8fd264349285aa36194b26a5a9d70c3641e78ad459ec44b9a9a5738e0ce6d86ec120ca2c0f04477165cee912fdeb158f62d6582697185c82278bdbf71187f8
  languageName: node
  linkType: hard

"arg@npm:^4.1.0":
  version: 4.1.3
  resolution: "arg@npm:4.1.3"
  checksum: 544af8dd3f60546d3e4aff084d451b96961d2267d668670199692f8d054f0415d86fc5497d0e641e91546f0aa920e7c29e5250e99fc89f5552a34b5d93b77f43
  languageName: node
  linkType: hard

"create-require@npm:^1.1.0":
  version: 1.1.1
  resolution: "create-require@npm:1.1.1"
  checksum: a9a1503d4390d8b59ad86f4607de7870b39cad43d929813599a23714831e81c520bddf61bcdd1f8e30f05fd3a2b71ae8538e946eb2786dc65c2bbc520f692eff
  languageName: node
  linkType: hard

"diff@npm:^4.0.1":
  version: 4.0.2
  resolution: "diff@npm:4.0.2"
  checksum: f2c09b0ce4e6b301c221addd83bf3f454c0bc00caa3dd837cf6c127d6edf7223aa2bbe3b688feea110b7f262adbfc845b757c44c8a9f8c0c5b15d8fa9ce9d20d
  languageName: node
  linkType: hard

"make-error@npm:^1.1.1":
  version: 1.3.6
  resolution: "make-error@npm:1.3.6"
  checksum: b86e5e0e25f7f777b77fabd8e2cbf15737972869d852a22b7e73c17623928fccb826d8e46b9951501d3f20e51ad74ba8c59ed584f610526a48f8ccf88aaec402
  languageName: node
  linkType: hard

"root-workspace-0b6124@workspace:.":
  version: 0.0.0-use.local
  resolution: "root-workspace-0b6124@workspace:."
  dependencies:
    "@skeldjs/client": ^2.12.3
    "@skeldjs/constant": ^2.12.3
    "@skeldjs/core": ^2.12.3
    "@skeldjs/events": ^2.12.3
    "@skeldjs/protocol": ^2.12.3
    "@skeldjs/text": ^2.12.3
    "@skeldjs/util": ^2.12.3
    "@types/node": ^16.6.0
    ts-node: ^10.2.0
    typescript: ^4.3.5
  languageName: unknown
  linkType: soft

"ts-node@npm:^10.2.0":
  version: 10.2.0
  resolution: "ts-node@npm:10.2.0"
  dependencies:
    "@cspotcode/source-map-support": 0.6.1
    "@tsconfig/node10": ^1.0.7
    "@tsconfig/node12": ^1.0.7
    "@tsconfig/node14": ^1.0.0
    "@tsconfig/node16": ^1.0.2
    acorn: ^8.4.1
    acorn-walk: ^8.1.1
    arg: ^4.1.0
    create-require: ^1.1.0
    diff: ^4.0.1
    make-error: ^1.1.1
    yn: 3.1.1
  peerDependencies:
    "@swc/core": ">=1.2.50"
    "@swc/wasm": ">=1.2.50"
    "@types/node": "*"
    typescript: ">=2.7"
  peerDependenciesMeta:
    "@swc/core":
      optional: true
    "@swc/wasm":
      optional: true
  bin:
    ts-node: dist/bin.js
    ts-node-cwd: dist/bin-cwd.js
    ts-node-script: dist/bin-script.js
    ts-node-transpile-only: dist/bin-transpile.js
    ts-script: dist/bin-script-deprecated.js
  checksum: da767e0fd5c1b4941f0b846c3532147f31cd2ac4d66a4809358e29ed5971a4e699720bd65f9e5a585a10bc7f9c55571a8fce9e485cedce6a224dcba3869bbd3a
  languageName: node
  linkType: hard

"tweetnacl@npm:^1.0.1":
  version: 1.0.3
  resolution: "tweetnacl@npm:1.0.3"
  checksum: e4a57cac188f0c53f24c7a33279e223618a2bfb5fea426231991652a13247bea06b081fd745d71291fcae0f4428d29beba1b984b1f1ce6f66b06a6d1ab90645c
  languageName: node
  linkType: hard

typescript@^4.3.5:
  version: 4.3.5
  resolution: "typescript@npm:4.3.5"
  bin:
    tsc: bin/tsc
    tsserver: bin/tsserver
  checksum: bab033b5e2b0790dd35b77fd005df976ef80b8d84fd2c6e63cc31808151875beae9216e5a315fe7068e8499905c3c354248fe83272cdfc13b7705635f0c66c97
  languageName: node
  linkType: hard

"typescript@patch:typescript@^4.3.5#~builtin<compat/typescript>":
  version: 4.3.5
  resolution: "typescript@patch:typescript@npm%3A4.3.5#~builtin<compat/typescript>::version=4.3.5&hash=d8b4e7"
  bin:
    tsc: bin/tsc
    tsserver: bin/tsserver
  checksum: bc2c4fdf0f1557fdafe4ef74848c72ebd9c8c60829568248f869121aea2bb20e16649a252431d0acb185ec118143be22bed73d08f64379557810d82756afedde
  languageName: node
  linkType: hard

"yn@npm:3.1.1":
  version: 3.1.1
  resolution: "yn@npm:3.1.1"
  checksum: 2c487b0e149e746ef48cda9f8bad10fc83693cd69d7f9dcd8be4214e985de33a29c9e24f3c0d6bcf2288427040a8947406ab27f7af67ee9456e6b84854f02dd6
  languageName: node
  linkType: hard
