# This file is generated by running "yarn install" inside your project.
# Manual changes might be lost - proceed with caution!

__metadata:
  version: 4
  cacheKey: 8

"@cspotcode/source-map-consumer@npm:0.8.0":
  version: 0.8.0
  resolution: "@cspotcode/source-map-consumer@npm:0.8.0"
  checksum: c0c16ca3d2f58898f1bd74c4f41a189dbcc202e642e60e489cbcc2e52419c4e89bdead02c886a12fb13ea37798ede9e562b2321df997ebc210ae9bd881561b4e
  languageName: node
  linkType: hard

"@cspotcode/source-map-support@npm:0.6.1":
  version: 0.6.1
  resolution: "@cspotcode/source-map-support@npm:0.6.1"
  dependencies:
    "@cspotcode/source-map-consumer": 0.8.0
  checksum: da9fb4f6404ebd210537bfa8b2821a747407bf422d2d3d46f29bf85c7c3a68a126de1a9ec41398d57ca116c3bef56d58c2fb4def0800630b1ec82533ad2447c2
  languageName: node
  linkType: hard

"@fidm/asn1@npm:^1.0.4":
  version: 1.0.4
  resolution: "@fidm/asn1@npm:1.0.4"
  checksum: cc228cb7d396b2c038311da799bc32c52157772628ca1a25de25d5897420738d96dd72a5effa2241f438a99fc5cc998e1a9240b4ee746b45d474ef879352309a
  languageName: node
  linkType: hard

"@fidm/x509@npm:^1.2.1":
  version: 1.2.1
  resolution: "@fidm/x509@npm:1.2.1"
  dependencies:
    "@fidm/asn1": ^1.0.4
    tweetnacl: ^1.0.1
  checksum: e38d75111928974e886c5bf438c31165d3e177f96b5f84aa02d5d38cc6e4ab6bced6b590cb438f0ab8f7a2e14d68dea24fc57115b064dda4b0a96da659a86758
  languageName: node
  linkType: hard

"@skeldjs/client@npm:^2.13.3":
  version: 2.13.3
  resolution: "@skeldjs/client@npm:2.13.3"
  dependencies:
    "@skeldjs/constant": 2.13.3
    "@skeldjs/core": 2.13.3
    "@skeldjs/data": 2.13.3
    "@skeldjs/dtls": 2.13.3
    "@skeldjs/events": 2.13.3
    "@skeldjs/protocol": 2.13.3
    "@skeldjs/state": 2.13.3
    "@skeldjs/util": 2.13.3
  checksum: a8069b04a1f6e6ddcd49f1c2c7daa524288cbd3a7ecae9f3e9bf56c6da26563026a3f9ac23d1f06c114335b61608ee63e87f703f5480077cd0fad49930de93a0
  languageName: node
  linkType: hard

"@skeldjs/constant@npm:2.13.3, @skeldjs/constant@npm:^2.13.3":
  version: 2.13.3
  resolution: "@skeldjs/constant@npm:2.13.3"
  dependencies:
    "@skeldjs/util": 2.13.3
  checksum: 750b427406ab3ef9ea2fc8a67b9d4757e1322a5bc37990642ba4707576a7ae0ebef9e6956933f1ac7474be1e3c7d39c4b1705907c436a132882a03918f58ab73
  languageName: node
  linkType: hard

"@skeldjs/core@npm:2.13.3, @skeldjs/core@npm:^2.13.3":
  version: 2.13.3
  resolution: "@skeldjs/core@npm:2.13.3"
  dependencies:
    "@skeldjs/constant": 2.13.3
    "@skeldjs/data": 2.13.3
    "@skeldjs/events": 2.13.3
    "@skeldjs/protocol": 2.13.3
    "@skeldjs/util": 2.13.3
  checksum: 05296e258e1ff8162eb0883bdc5cc803b83113e9664d3233188c3fd36039f3647587456e542e56eaecceeeb1d70271f9ce56d2083733fcda74cb363c6e5f475b
  languageName: node
  linkType: hard

"@skeldjs/data@npm:2.13.3":
  version: 2.13.3
  resolution: "@skeldjs/data@npm:2.13.3"
  dependencies:
    "@skeldjs/constant": 2.13.3
    "@skeldjs/util": 2.13.3
  checksum: 7feaa8d208940108da998ac880d2199950c0536d1e0f1b41d3b8b29430a96c76a4f374cc06981a99875b05e92637ac33c0248042860cf06f82c127d65c538317
  languageName: node
  linkType: hard

"@skeldjs/dtls@npm:2.13.3":
  version: 2.13.3
  resolution: "@skeldjs/dtls@npm:2.13.3"
  dependencies:
    "@fidm/x509": ^1.2.1
    "@skeldjs/util": 2.13.3
  dependenciesMeta:
    node-aes-gcm:
      unplugged: false
  checksum: fc5895f38d5c2aee3bfc1be2c12b57a8294fa1deae476c77b7dfa3faa2e28112138d1dfbbf8562e9aaa80885b263d352ff1eb04cb63dff13abfe0ef6f225db77
  languageName: node
  linkType: hard

"@skeldjs/events@npm:2.13.3, @skeldjs/events@npm:^2.13.3":
  version: 2.13.3
  resolution: "@skeldjs/events@npm:2.13.3"
  checksum: dac19fe42d31e047e7155376ff40418b30edd7d7e97a7a78cf143454c40c1624d4449af94422924aafd59ce3702ec1795b92bfa170377531ca7f53ceaa18dd97
  languageName: node
  linkType: hard

"@skeldjs/protocol@npm:2.13.3, @skeldjs/protocol@npm:^2.13.3":
  version: 2.13.3
  resolution: "@skeldjs/protocol@npm:2.13.3"
  dependencies:
    "@skeldjs/constant": 2.13.3
    "@skeldjs/util": 2.13.3
  checksum: 401e43d609ce5a1d1b89a94163dab7ebc4318d9501a523bc77b92849447c5ef8e8ad5db2009cddf0982e5f7069bb89b6d4f8c0a79de77d83173d8983b2879afe
  languageName: node
  linkType: hard

"@skeldjs/state@npm:2.13.3":
  version: 2.13.3
  resolution: "@skeldjs/state@npm:2.13.3"
  dependencies:
    "@skeldjs/core": 2.13.3
    "@skeldjs/protocol": 2.13.3
    "@skeldjs/util": 2.13.3
  checksum: 7d0bb5f767b87580d2a45ef48115caffcdeedcf658448cfa45a3c77a5d0ca7610a3ebd3d646350d7be89c0051d77b9ac91816958a86b6228838fbad3c276bbf8
  languageName: node
  linkType: hard

"@skeldjs/text@npm:^2.13.3":
  version: 2.13.3
  resolution: "@skeldjs/text@npm:2.13.3"
  checksum: 6f0f8ec36459cc7e3aa32ee2d269447c36f40fc7b60a4dda718e282a2420fffbe03fdebdac53f67d0bffdd4eedcf4371d3d5bd7b4544b66ef060c7a1cc559dec
  languageName: node
  linkType: hard

"@skeldjs/util@npm:2.13.3, @skeldjs/util@npm:^2.13.3":
  version: 2.13.3
  resolution: "@skeldjs/util@npm:2.13.3"
  checksum: 522dfc95f754caa4610ad05d3a80fc8e082993fb2aa87b15b4b42fc6fbc1f11de2ce0d6bc16bcbbaaa99ce52cc40e1480db6bedfa6ffb30331142c8941a5aea5
  languageName: node
  linkType: hard

"@tsconfig/node10@npm:^1.0.7":
  version: 1.0.8
  resolution: "@tsconfig/node10@npm:1.0.8"
  checksum: b8d5fffbc6b17ef64ef74f7fdbccee02a809a063ade785c3648dae59406bc207f70ea2c4296f92749b33019fa36a5ae716e42e49cc7f1bbf0fd147be0d6b970a
  languageName: node
  linkType: hard

"@tsconfig/node12@npm:^1.0.7":
  version: 1.0.9
  resolution: "@tsconfig/node12@npm:1.0.9"
  checksum: a01b2400ab3582b86b589c6d31dcd0c0656f333adecde85d6d7d4086adb059808b82692380bb169546d189bf771ae21d02544a75b57bd6da4a5dd95f8567bec9
  languageName: node
  linkType: hard

"@tsconfig/node14@npm:^1.0.0":
  version: 1.0.1
  resolution: "@tsconfig/node14@npm:1.0.1"
  checksum: 976345e896c0f059867f94f8d0f6ddb8b1844fb62bf36b727de8a9a68f024857e5db97ed51d3325e23e0616a5e48c034ff51a8d595b3fe7e955f3587540489be
  languageName: node
  linkType: hard

"@tsconfig/node16@npm:^1.0.2":
  version: 1.0.2
  resolution: "@tsconfig/node16@npm:1.0.2"
  checksum: ca94d3639714672bbfd55f03521d3f56bb6a25479bd425da81faf21f13e1e9d15f40f97377dedbbf477a5841c5b0c8f4cd1b391f33553d750b9202c54c2c07aa
  languageName: node
  linkType: hard

"@types/node@npm:^16.6.0":
  version: 16.6.0
  resolution: "@types/node@npm:16.6.0"
  checksum: 72ab4b9fb47a64657d83336093867aba5bcf2f36facf3c18e9aeff802c078e44fa9f54025b02f2837eb0f2b19c1f551a5201fb4222766454c439de481dbf83d0
  languageName: node
  linkType: hard

"acorn-walk@npm:^8.1.1":
  version: 8.1.1
  resolution: "acorn-walk@npm:8.1.1"
  checksum: 5e4dafbcec14fbfac96e1f13726273e969a30fdf607ed4eb6ca335292f85b8c896393fee15837a8f2b27afd7ede0f1c6edb5b5e6d0123a8821fee1a834318e62
  languageName: node
  linkType: hard

"acorn@npm:^8.4.1":
  version: 8.4.1
  resolution: "acorn@npm:8.4.1"
  bin:
    acorn: bin/acorn
  checksum: 0a8fd264349285aa36194b26a5a9d70c3641e78ad459ec44b9a9a5738e0ce6d86ec120ca2c0f04477165cee912fdeb158f62d6582697185c82278bdbf71187f8
  languageName: node
  linkType: hard

"arg@npm:^4.1.0":
  version: 4.1.3
  resolution: "arg@npm:4.1.3"
  checksum: 544af8dd3f60546d3e4aff084d451b96961d2267d668670199692f8d054f0415d86fc5497d0e641e91546f0aa920e7c29e5250e99fc89f5552a34b5d93b77f43
  languageName: node
  linkType: hard

"create-require@npm:^1.1.0":
  version: 1.1.1
  resolution: "create-require@npm:1.1.1"
  checksum: a9a1503d4390d8b59ad86f4607de7870b39cad43d929813599a23714831e81c520bddf61bcdd1f8e30f05fd3a2b71ae8538e946eb2786dc65c2bbc520f692eff
  languageName: node
  linkType: hard

"diff@npm:^4.0.1":
  version: 4.0.2
  resolution: "diff@npm:4.0.2"
  checksum: f2c09b0ce4e6b301c221addd83bf3f454c0bc00caa3dd837cf6c127d6edf7223aa2bbe3b688feea110b7f262adbfc845b757c44c8a9f8c0c5b15d8fa9ce9d20d
  languageName: node
  linkType: hard

"make-error@npm:^1.1.1":
  version: 1.3.6
  resolution: "make-error@npm:1.3.6"
  checksum: b86e5e0e25f7f777b77fabd8e2cbf15737972869d852a22b7e73c17623928fccb826d8e46b9951501d3f20e51ad74ba8c59ed584f610526a48f8ccf88aaec402
  languageName: node
  linkType: hard

"root-workspace-0b6124@workspace:.":
  version: 0.0.0-use.local
  resolution: "root-workspace-0b6124@workspace:."
  dependencies:
    "@skeldjs/client": ^2.13.3
    "@skeldjs/constant": ^2.13.3
    "@skeldjs/core": ^2.13.3
    "@skeldjs/events": ^2.13.3
    "@skeldjs/protocol": ^2.13.3
    "@skeldjs/text": ^2.13.3
    "@skeldjs/util": ^2.13.3
    "@types/node": ^16.6.0
    ts-node: ^10.2.0
    typescript: ^4.3.5
  languageName: unknown
  linkType: soft

"ts-node@npm:^10.2.0":
  version: 10.2.0
  resolution: "ts-node@npm:10.2.0"
  dependencies:
    "@cspotcode/source-map-support": 0.6.1
    "@tsconfig/node10": ^1.0.7
    "@tsconfig/node12": ^1.0.7
    "@tsconfig/node14": ^1.0.0
    "@tsconfig/node16": ^1.0.2
    acorn: ^8.4.1
    acorn-walk: ^8.1.1
    arg: ^4.1.0
    create-require: ^1.1.0
    diff: ^4.0.1
    make-error: ^1.1.1
    yn: 3.1.1
  peerDependencies:
    "@swc/core": ">=1.2.50"
    "@swc/wasm": ">=1.2.50"
    "@types/node": "*"
    typescript: ">=2.7"
  peerDependenciesMeta:
    "@swc/core":
      optional: true
    "@swc/wasm":
      optional: true
  bin:
    ts-node: dist/bin.js
    ts-node-cwd: dist/bin-cwd.js
    ts-node-script: dist/bin-script.js
    ts-node-transpile-only: dist/bin-transpile.js
    ts-script: dist/bin-script-deprecated.js
  checksum: da767e0fd5c1b4941f0b846c3532147f31cd2ac4d66a4809358e29ed5971a4e699720bd65f9e5a585a10bc7f9c55571a8fce9e485cedce6a224dcba3869bbd3a
  languageName: node
  linkType: hard

"tweetnacl@npm:^1.0.1":
  version: 1.0.3
  resolution: "tweetnacl@npm:1.0.3"
  checksum: e4a57cac188f0c53f24c7a33279e223618a2bfb5fea426231991652a13247bea06b081fd745d71291fcae0f4428d29beba1b984b1f1ce6f66b06a6d1ab90645c
  languageName: node
  linkType: hard

typescript@^4.3.5:
  version: 4.3.5
  resolution: "typescript@npm:4.3.5"
  bin:
    tsc: bin/tsc
    tsserver: bin/tsserver
  checksum: bab033b5e2b0790dd35b77fd005df976ef80b8d84fd2c6e63cc31808151875beae9216e5a315fe7068e8499905c3c354248fe83272cdfc13b7705635f0c66c97
  languageName: node
  linkType: hard

"typescript@patch:typescript@^4.3.5#~builtin<compat/typescript>":
  version: 4.3.5
  resolution: "typescript@patch:typescript@npm%3A4.3.5#~builtin<compat/typescript>::version=4.3.5&hash=d8b4e7"
  bin:
    tsc: bin/tsc
    tsserver: bin/tsserver
  checksum: bc2c4fdf0f1557fdafe4ef74848c72ebd9c8c60829568248f869121aea2bb20e16649a252431d0acb185ec118143be22bed73d08f64379557810d82756afedde
  languageName: node
  linkType: hard

"yn@npm:3.1.1":
  version: 3.1.1
  resolution: "yn@npm:3.1.1"
  checksum: 2c487b0e149e746ef48cda9f8bad10fc83693cd69d7f9dcd8be4214e985de33a29c9e24f3c0d6bcf2288427040a8947406ab27f7af67ee9456e6b84854f02dd6
  languageName: node
  linkType: hard
